
Microsoft Visual Studio Solution File, Format Version 12.00
# Visual Studio Version 17
VisualStudioVersion = 17.10.35013.160
MinimumVisualStudioVersion = 10.0.40219.1
Project("{9A19103F-16F7-4668-BE54-9A1E7A4F7556}") = "Orders", "OrderService\Orders.csproj", "{8F479598-3944-40C2-BB32-184C10E4F01B}"
EndProject
Project("{9A19103F-16F7-4668-BE54-9A1E7A4F7556}") = "Payments", "Payments\Payments.csproj", "{0A87E4B5-C8D5-4FC3-BE75-C51A29006509}"
EndProject
Project("{9A19103F-16F7-4668-BE54-9A1E7A4F7556}") = "Yarp.Gateway", "Yarp.Gateway\Yarp.Gateway.csproj", "{1AD263CF-FCD9-4042-98C8-419ECAE6FEAC}"
EndProject
Project("{9A19103F-16F7-4668-BE54-9A1E7A4F7556}") = "Orders.Infrastructure", "Orders.Infrastructure\Orders.Infrastructure.csproj", "{0B5AC828-B0CB-4049-BB59-487F6E3369D2}"
EndProject
Project("{9A19103F-16F7-4668-BE54-9A1E7A4F7556}") = "Payments.Infrastructure", "Payments.Infrastructure\Payments.Infrastructure.csproj", "{576C6818-C36A-47C1-8D6B-90675A2E2FD8}"
EndProject
Project("{2150E333-8FDC-42A3-9474-1A3956D46DE8}") = "BuildingBlocks", "BuildingBlocks", "{8ECD9C73-89A6-4D64-9C3D-43C64478ADA9}"
EndProject
Project("{2150E333-8FDC-42A3-9474-1A3956D46DE8}") = "RabbitMQ", "RabbitMQ", "{B2F0D318-9D6C-4D6B-81DB-F96EE1658805}"
EndProject
Project("{9A19103F-16F7-4668-BE54-9A1E7A4F7556}") = "MicroRabbit.Domain.Core", "MicroRabbit.Domain.Core\MicroRabbit.Domain.Core.csproj", "{2635BB33-5257-4D40-BC47-D2DDB6F5E740}"
EndProject
Project("{9A19103F-16F7-4668-BE54-9A1E7A4F7556}") = "MicroRabbit.Infra.Bus", "MicroRabbit.Infra.Bus\MicroRabbit.Infra.Bus.csproj", "{3F451B87-0D93-462D-895A-EA3E8D98A569}"
EndProject
Project("{9A19103F-16F7-4668-BE54-9A1E7A4F7556}") = "Payments.Application", "Payments.Application\Payments.Application.csproj", "{E94852C4-FDAD-41EF-97B1-6E91671E16FA}"
EndProject
Project("{9A19103F-16F7-4668-BE54-9A1E7A4F7556}") = "WEBClient", "WEBClient\WEBClient.csproj", "{09AD7D01-3FF3-474F-9755-85A84511DB97}"
EndProject
Global
	GlobalSection(SolutionConfigurationPlatforms) = preSolution
		Debug|Any CPU = Debug|Any CPU
		Release|Any CPU = Release|Any CPU
	EndGlobalSection
	GlobalSection(ProjectConfigurationPlatforms) = postSolution
		{8F479598-3944-40C2-BB32-184C10E4F01B}.Debug|Any CPU.ActiveCfg = Debug|Any CPU
		{8F479598-3944-40C2-BB32-184C10E4F01B}.Debug|Any CPU.Build.0 = Debug|Any CPU
		{8F479598-3944-40C2-BB32-184C10E4F01B}.Release|Any CPU.ActiveCfg = Release|Any CPU
		{8F479598-3944-40C2-BB32-184C10E4F01B}.Release|Any CPU.Build.0 = Release|Any CPU
		{0A87E4B5-C8D5-4FC3-BE75-C51A29006509}.Debug|Any CPU.ActiveCfg = Debug|Any CPU
		{0A87E4B5-C8D5-4FC3-BE75-C51A29006509}.Debug|Any CPU.Build.0 = Debug|Any CPU
		{0A87E4B5-C8D5-4FC3-BE75-C51A29006509}.Release|Any CPU.ActiveCfg = Release|Any CPU
		{0A87E4B5-C8D5-4FC3-BE75-C51A29006509}.Release|Any CPU.Build.0 = Release|Any CPU
		{1AD263CF-FCD9-4042-98C8-419ECAE6FEAC}.Debug|Any CPU.ActiveCfg = Debug|Any CPU
		{1AD263CF-FCD9-4042-98C8-419ECAE6FEAC}.Debug|Any CPU.Build.0 = Debug|Any CPU
		{1AD263CF-FCD9-4042-98C8-419ECAE6FEAC}.Release|Any CPU.ActiveCfg = Release|Any CPU
		{1AD263CF-FCD9-4042-98C8-419ECAE6FEAC}.Release|Any CPU.Build.0 = Release|Any CPU
		{0B5AC828-B0CB-4049-BB59-487F6E3369D2}.Debug|Any CPU.ActiveCfg = Debug|Any CPU
		{0B5AC828-B0CB-4049-BB59-487F6E3369D2}.Debug|Any CPU.Build.0 = Debug|Any CPU
		{0B5AC828-B0CB-4049-BB59-487F6E3369D2}.Release|Any CPU.ActiveCfg = Release|Any CPU
		{0B5AC828-B0CB-4049-BB59-487F6E3369D2}.Release|Any CPU.Build.0 = Release|Any CPU
		{576C6818-C36A-47C1-8D6B-90675A2E2FD8}.Debug|Any CPU.ActiveCfg = Debug|Any CPU
		{576C6818-C36A-47C1-8D6B-90675A2E2FD8}.Debug|Any CPU.Build.0 = Debug|Any CPU
		{576C6818-C36A-47C1-8D6B-90675A2E2FD8}.Release|Any CPU.ActiveCfg = Release|Any CPU
		{576C6818-C36A-47C1-8D6B-90675A2E2FD8}.Release|Any CPU.Build.0 = Release|Any CPU
		{2635BB33-5257-4D40-BC47-D2DDB6F5E740}.Debug|Any CPU.ActiveCfg = Debug|Any CPU
		{2635BB33-5257-4D40-BC47-D2DDB6F5E740}.Debug|Any CPU.Build.0 = Debug|Any CPU
		{2635BB33-5257-4D40-BC47-D2DDB6F5E740}.Release|Any CPU.ActiveCfg = Release|Any CPU
		{2635BB33-5257-4D40-BC47-D2DDB6F5E740}.Release|Any CPU.Build.0 = Release|Any CPU
		{3F451B87-0D93-462D-895A-EA3E8D98A569}.Debug|Any CPU.ActiveCfg = Debug|Any CPU
		{3F451B87-0D93-462D-895A-EA3E8D98A569}.Debug|Any CPU.Build.0 = Debug|Any CPU
		{3F451B87-0D93-462D-895A-EA3E8D98A569}.Release|Any CPU.ActiveCfg = Release|Any CPU
		{3F451B87-0D93-462D-895A-EA3E8D98A569}.Release|Any CPU.Build.0 = Release|Any CPU
		{E94852C4-FDAD-41EF-97B1-6E91671E16FA}.Debug|Any CPU.ActiveCfg = Debug|Any CPU
		{E94852C4-FDAD-41EF-97B1-6E91671E16FA}.Debug|Any CPU.Build.0 = Debug|Any CPU
		{E94852C4-FDAD-41EF-97B1-6E91671E16FA}.Release|Any CPU.ActiveCfg = Release|Any CPU
		{E94852C4-FDAD-41EF-97B1-6E91671E16FA}.Release|Any CPU.Build.0 = Release|Any CPU
		{09AD7D01-3FF3-474F-9755-85A84511DB97}.Debug|Any CPU.ActiveCfg = Debug|Any CPU
		{09AD7D01-3FF3-474F-9755-85A84511DB97}.Debug|Any CPU.Build.0 = Debug|Any CPU
		{09AD7D01-3FF3-474F-9755-85A84511DB97}.Release|Any CPU.ActiveCfg = Release|Any CPU
		{09AD7D01-3FF3-474F-9755-85A84511DB97}.Release|Any CPU.Build.0 = Release|Any CPU
	EndGlobalSection
	GlobalSection(SolutionProperties) = preSolution
		HideSolutionNode = FALSE
	EndGlobalSection
	GlobalSection(NestedProjects) = preSolution
		{B2F0D318-9D6C-4D6B-81DB-F96EE1658805} = {8ECD9C73-89A6-4D64-9C3D-43C64478ADA9}
		{2635BB33-5257-4D40-BC47-D2DDB6F5E740} = {B2F0D318-9D6C-4D6B-81DB-F96EE1658805}
		{3F451B87-0D93-462D-895A-EA3E8D98A569} = {B2F0D318-9D6C-4D6B-81DB-F96EE1658805}
	EndGlobalSection
	GlobalSection(ExtensibilityGlobals) = postSolution
		SolutionGuid = {B164B009-76F2-4001-9529-D232CD328F91}
	EndGlobalSection
EndGlobal
